// !$*UTF8*$!
{
	archiveVersion = 1;
	classes = {
	};
	objectVersion = 55;
	objects = {

/* Begin PBXBuildFile section */
		5676726F28B27FBC00A001D0 /* Photo.swift in Sources */ = {isa = PBXBuildFile; fileRef = 5676726E28B27FBC00A001D0 /* Photo.swift */; };
		5676727128B285D700A001D0 /* Feed.swift in Sources */ = {isa = PBXBuildFile; fileRef = 5676727028B285D700A001D0 /* Feed.swift */; };
		5676727328B30D8800A001D0 /* FeedService.swift in Sources */ = {isa = PBXBuildFile; fileRef = 5676727228B30D8800A001D0 /* FeedService.swift */; };
		5676727528B335C600A001D0 /* PhotoSearchView.swift in Sources */ = {isa = PBXBuildFile; fileRef = 5676727428B335C500A001D0 /* PhotoSearchView.swift */; };
		5676727828B3437200A001D0 /* Alamofire in Frameworks */ = {isa = PBXBuildFile; productRef = 5676727728B3437200A001D0 /* Alamofire */; };
		9A72D43728B43FEC009726E8 /* SwiftDate in Frameworks */ = {isa = PBXBuildFile; productRef = 9A72D43628B43FEC009726E8 /* SwiftDate */; };
		9A82F7F328B18A27005762C5 /* PhotoSearchTVApp.swift in Sources */ = {isa = PBXBuildFile; fileRef = 9A82F7F228B18A27005762C5 /* PhotoSearchTVApp.swift */; };
		9A82F7F528B18A27005762C5 /* ContentView.swift in Sources */ = {isa = PBXBuildFile; fileRef = 9A82F7F428B18A27005762C5 /* ContentView.swift */; };
		9A82F7F728B18A28005762C5 /* Assets.xcassets in Resources */ = {isa = PBXBuildFile; fileRef = 9A82F7F628B18A28005762C5 /* Assets.xcassets */; };
		9A82F7FA28B18A28005762C5 /* Preview Assets.xcassets in Resources */ = {isa = PBXBuildFile; fileRef = 9A82F7F928B18A28005762C5 /* Preview Assets.xcassets */; };
		9A82F80228B18D11005762C5 /* FeedView.swift in Sources */ = {isa = PBXBuildFile; fileRef = 9A82F80128B18D11005762C5 /* FeedView.swift */; };
		9A82F80528B190BD005762C5 /* FeedViewModel.swift in Sources */ = {isa = PBXBuildFile; fileRef = 9A82F80428B190BD005762C5 /* FeedViewModel.swift */; };
		9A82F80B28B1923F005762C5 /* PhotoService.swift in Sources */ = {isa = PBXBuildFile; fileRef = 9A82F80A28B1923F005762C5 /* PhotoService.swift */; };
		9A82F80E28B192D1005762C5 /* Constants.swift in Sources */ = {isa = PBXBuildFile; fileRef = 9A82F80D28B192D1005762C5 /* Constants.swift */; };
		9A82F81028B19D37005762C5 /* PhotoItemView.swift in Sources */ = {isa = PBXBuildFile; fileRef = 9A82F80F28B19D37005762C5 /* PhotoItemView.swift */; };
		9A82F81228B19E78005762C5 /* SearchTabView.swift in Sources */ = {isa = PBXBuildFile; fileRef = 9A82F81128B19E78005762C5 /* SearchTabView.swift */; };
		9A82F81428B19F2A005762C5 /* PhotoSearchViewModel.swift in Sources */ = {isa = PBXBuildFile; fileRef = 9A82F81328B19F2A005762C5 /* PhotoSearchViewModel.swift */; };
		9A82F81628B1A30A005762C5 /* PhotoListView.swift in Sources */ = {isa = PBXBuildFile; fileRef = 9A82F81528B1A30A005762C5 /* PhotoListView.swift */; };
		9A82F81928B1A90B005762C5 /* DataFetchPhase.swift in Sources */ = {isa = PBXBuildFile; fileRef = 9A82F81828B1A90B005762C5 /* DataFetchPhase.swift */; };
		9A82F81B28B1AC02005762C5 /* EmptyPlaceholderView.swift in Sources */ = {isa = PBXBuildFile; fileRef = 9A82F81A28B1AC02005762C5 /* EmptyPlaceholderView.swift */; };
		9A82F81D28B1AC52005762C5 /* RetryView.swift in Sources */ = {isa = PBXBuildFile; fileRef = 9A82F81C28B1AC52005762C5 /* RetryView.swift */; };
		9AF14A7428B42FCB0042D4EF /* PhotoFeedView.swift in Sources */ = {isa = PBXBuildFile; fileRef = 9AF14A7328B42FCB0042D4EF /* PhotoFeedView.swift */; };
/* End PBXBuildFile section */

/* Begin PBXFileReference section */
		5676726E28B27FBC00A001D0 /* Photo.swift */ = {isa = PBXFileReference; lastKnownFileType = sourcecode.swift; path = Photo.swift; sourceTree = "<group>"; };
		5676727028B285D700A001D0 /* Feed.swift */ = {isa = PBXFileReference; lastKnownFileType = sourcecode.swift; path = Feed.swift; sourceTree = "<group>"; };
		5676727228B30D8800A001D0 /* FeedService.swift */ = {isa = PBXFileReference; fileEncoding = 4; lastKnownFileType = sourcecode.swift; path = FeedService.swift; sourceTree = "<group>"; };
		5676727428B335C500A001D0 /* PhotoSearchView.swift */ = {isa = PBXFileReference; fileEncoding = 4; lastKnownFileType = sourcecode.swift; path = PhotoSearchView.swift; sourceTree = "<group>"; };
		9A82F7EF28B18A27005762C5 /* PhotoSearchTV.app */ = {isa = PBXFileReference; explicitFileType = wrapper.application; includeInIndex = 0; path = PhotoSearchTV.app; sourceTree = BUILT_PRODUCTS_DIR; };
		9A82F7F228B18A27005762C5 /* PhotoSearchTVApp.swift */ = {isa = PBXFileReference; lastKnownFileType = sourcecode.swift; path = PhotoSearchTVApp.swift; sourceTree = "<group>"; };
		9A82F7F428B18A27005762C5 /* ContentView.swift */ = {isa = PBXFileReference; lastKnownFileType = sourcecode.swift; path = ContentView.swift; sourceTree = "<group>"; };
		9A82F7F628B18A28005762C5 /* Assets.xcassets */ = {isa = PBXFileReference; lastKnownFileType = folder.assetcatalog; path = Assets.xcassets; sourceTree = "<group>"; };
		9A82F7F928B18A28005762C5 /* Preview Assets.xcassets */ = {isa = PBXFileReference; lastKnownFileType = folder.assetcatalog; path = "Preview Assets.xcassets"; sourceTree = "<group>"; };
		9A82F80128B18D11005762C5 /* FeedView.swift */ = {isa = PBXFileReference; lastKnownFileType = sourcecode.swift; path = FeedView.swift; sourceTree = "<group>"; };
		9A82F80428B190BD005762C5 /* FeedViewModel.swift */ = {isa = PBXFileReference; lastKnownFileType = sourcecode.swift; path = FeedViewModel.swift; sourceTree = "<group>"; };
		9A82F80A28B1923F005762C5 /* PhotoService.swift */ = {isa = PBXFileReference; lastKnownFileType = sourcecode.swift; path = PhotoService.swift; sourceTree = "<group>"; };
		9A82F80D28B192D1005762C5 /* Constants.swift */ = {isa = PBXFileReference; lastKnownFileType = sourcecode.swift; path = Constants.swift; sourceTree = "<group>"; };
		9A82F80F28B19D37005762C5 /* PhotoItemView.swift */ = {isa = PBXFileReference; lastKnownFileType = sourcecode.swift; path = PhotoItemView.swift; sourceTree = "<group>"; };
		9A82F81128B19E78005762C5 /* SearchTabView.swift */ = {isa = PBXFileReference; lastKnownFileType = sourcecode.swift; path = SearchTabView.swift; sourceTree = "<group>"; };
		9A82F81328B19F2A005762C5 /* PhotoSearchViewModel.swift */ = {isa = PBXFileReference; lastKnownFileType = sourcecode.swift; path = PhotoSearchViewModel.swift; sourceTree = "<group>"; };
		9A82F81528B1A30A005762C5 /* PhotoListView.swift */ = {isa = PBXFileReference; lastKnownFileType = sourcecode.swift; path = PhotoListView.swift; sourceTree = "<group>"; };
		9A82F81828B1A90B005762C5 /* DataFetchPhase.swift */ = {isa = PBXFileReference; lastKnownFileType = sourcecode.swift; path = DataFetchPhase.swift; sourceTree = "<group>"; };
		9A82F81A28B1AC02005762C5 /* EmptyPlaceholderView.swift */ = {isa = PBXFileReference; lastKnownFileType = sourcecode.swift; path = EmptyPlaceholderView.swift; sourceTree = "<group>"; };
		9A82F81C28B1AC52005762C5 /* RetryView.swift */ = {isa = PBXFileReference; lastKnownFileType = sourcecode.swift; path = RetryView.swift; sourceTree = "<group>"; };
		9AF14A7328B42FCB0042D4EF /* PhotoFeedView.swift */ = {isa = PBXFileReference; fileEncoding = 4; lastKnownFileType = sourcecode.swift; path = PhotoFeedView.swift; sourceTree = "<group>"; };
/* End PBXFileReference section */

/* Begin PBXFrameworksBuildPhase section */
		9A82F7EC28B18A27005762C5 /* Frameworks */ = {
			isa = PBXFrameworksBuildPhase;
			buildActionMask = 2147483647;
			files = (
				9A72D43728B43FEC009726E8 /* SwiftDate in Frameworks */,
				5676727828B3437200A001D0 /* Alamofire in Frameworks */,
			);
			runOnlyForDeploymentPostprocessing = 0;
		};
/* End PBXFrameworksBuildPhase section */

/* Begin PBXGroup section */
		9A82F7E628B18A27005762C5 = {
			isa = PBXGroup;
			children = (
				9A82F7F128B18A27005762C5 /* PhotoSearchTV */,
				9A82F7F028B18A27005762C5 /* Products */,
			);
			sourceTree = "<group>";
		};
		9A82F7F028B18A27005762C5 /* Products */ = {
			isa = PBXGroup;
			children = (
				9A82F7EF28B18A27005762C5 /* PhotoSearchTV.app */,
			);
			name = Products;
			sourceTree = "<group>";
		};
		9A82F7F128B18A27005762C5 /* PhotoSearchTV */ = {
			isa = PBXGroup;
			children = (
				9A82F80728B19140005762C5 /* Modules */,
				9A82F80C28B192AF005762C5 /* Support */,
				9A82F80628B19128005762C5 /* Network */,
				9A82F7F228B18A27005762C5 /* PhotoSearchTVApp.swift */,
				9A82F7F428B18A27005762C5 /* ContentView.swift */,
				9A82F7F628B18A28005762C5 /* Assets.xcassets */,
				9A82F7F828B18A28005762C5 /* Preview Content */,
			);
			path = PhotoSearchTV;
			sourceTree = "<group>";
		};
		9A82F7F828B18A28005762C5 /* Preview Content */ = {
			isa = PBXGroup;
			children = (
				9A82F7F928B18A28005762C5 /* Preview Assets.xcassets */,
			);
			path = "Preview Content";
			sourceTree = "<group>";
		};
		9A82F80028B18C37005762C5 /* Views */ = {
			isa = PBXGroup;
			children = (
				9AF14A7528B42FF30042D4EF /* Feed */,
				9AF14A7628B4300A0042D4EF /* Search */,
			);
			path = Views;
			sourceTree = "<group>";
		};
		9A82F80328B19073005762C5 /* ViewModels */ = {
			isa = PBXGroup;
			children = (
				9A82F80428B190BD005762C5 /* FeedViewModel.swift */,
				9A82F81328B19F2A005762C5 /* PhotoSearchViewModel.swift */,
			);
			path = ViewModels;
			sourceTree = "<group>";
		};
		9A82F80628B19128005762C5 /* Network */ = {
			isa = PBXGroup;
			children = (
				9A82F81728B1A8F5005762C5 /* Models */,
				9A82F80928B191AD005762C5 /* Services */,
			);
			path = Network;
			sourceTree = "<group>";
		};
		9A82F80728B19140005762C5 /* Modules */ = {
			isa = PBXGroup;
			children = (
				9A82F80828B19189005762C5 /* Home */,
			);
			path = Modules;
			sourceTree = "<group>";
		};
		9A82F80828B19189005762C5 /* Home */ = {
			isa = PBXGroup;
			children = (
				9A82F80028B18C37005762C5 /* Views */,
				9A82F80328B19073005762C5 /* ViewModels */,
			);
			path = Home;
			sourceTree = "<group>";
		};
		9A82F80928B191AD005762C5 /* Services */ = {
			isa = PBXGroup;
			children = (
				5676727228B30D8800A001D0 /* FeedService.swift */,
				9A82F80A28B1923F005762C5 /* PhotoService.swift */,
			);
			path = Services;
			sourceTree = "<group>";
		};
		9A82F80C28B192AF005762C5 /* Support */ = {
			isa = PBXGroup;
			children = (
				9A82F80D28B192D1005762C5 /* Constants.swift */,
			);
			path = Support;
			sourceTree = "<group>";
		};
		9A82F81728B1A8F5005762C5 /* Models */ = {
			isa = PBXGroup;
			children = (
				9A82F81828B1A90B005762C5 /* DataFetchPhase.swift */,
				5676726E28B27FBC00A001D0 /* Photo.swift */,
				5676727028B285D700A001D0 /* Feed.swift */,
			);
			path = Models;
			sourceTree = "<group>";
		};
		9AF14A7528B42FF30042D4EF /* Feed */ = {
			isa = PBXGroup;
			children = (
				9A82F80128B18D11005762C5 /* FeedView.swift */,
				9A82F80F28B19D37005762C5 /* PhotoItemView.swift */,
				9AF14A7328B42FCB0042D4EF /* PhotoFeedView.swift */,
			);
			path = Feed;
			sourceTree = "<group>";
		};
		9AF14A7628B4300A0042D4EF /* Search */ = {
			isa = PBXGroup;
			children = (
				9A82F81528B1A30A005762C5 /* PhotoListView.swift */,
				5676727428B335C500A001D0 /* PhotoSearchView.swift */,
				9A82F81128B19E78005762C5 /* SearchTabView.swift */,
				9A82F81A28B1AC02005762C5 /* EmptyPlaceholderView.swift */,
				9A82F81C28B1AC52005762C5 /* RetryView.swift */,
			);
			path = Search;
			sourceTree = "<group>";
		};
/* End PBXGroup section */

/* Begin PBXNativeTarget section */
		9A82F7EE28B18A27005762C5 /* PhotoSearchTV */ = {
			isa = PBXNativeTarget;
			buildConfigurationList = 9A82F7FD28B18A28005762C5 /* Build configuration list for PBXNativeTarget "PhotoSearchTV" */;
			buildPhases = (
				9A82F7EB28B18A27005762C5 /* Sources */,
				9A82F7EC28B18A27005762C5 /* Frameworks */,
				9A82F7ED28B18A27005762C5 /* Resources */,
			);
			buildRules = (
			);
			dependencies = (
			);
			name = PhotoSearchTV;
			packageProductDependencies = (
				5676727728B3437200A001D0 /* Alamofire */,
				9A72D43628B43FEC009726E8 /* SwiftDate */,
			);
			productName = PhotoSearchTV;
			productReference = 9A82F7EF28B18A27005762C5 /* PhotoSearchTV.app */;
			productType = "com.apple.product-type.application";
		};
/* End PBXNativeTarget section */

/* Begin PBXProject section */
		9A82F7E728B18A27005762C5 /* Project object */ = {
			isa = PBXProject;
			attributes = {
				BuildIndependentTargetsInParallel = 1;
				LastSwiftUpdateCheck = 1340;
				LastUpgradeCheck = 1340;
				TargetAttributes = {
					9A82F7EE28B18A27005762C5 = {
						CreatedOnToolsVersion = 13.4.1;
					};
				};
			};
			buildConfigurationList = 9A82F7EA28B18A27005762C5 /* Build configuration list for PBXProject "PhotoSearchTV" */;
			compatibilityVersion = "Xcode 13.0";
			developmentRegion = en;
			hasScannedForEncodings = 0;
			knownRegions = (
				en,
				Base,
			);
			mainGroup = 9A82F7E628B18A27005762C5;
			packageReferences = (
				5676727628B3437200A001D0 /* XCRemoteSwiftPackageReference "Alamofire" */,
				9A72D43528B43FEC009726E8 /* XCRemoteSwiftPackageReference "SwiftDate" */,
			);
			productRefGroup = 9A82F7F028B18A27005762C5 /* Products */;
			projectDirPath = "";
			projectRoot = "";
			targets = (
				9A82F7EE28B18A27005762C5 /* PhotoSearchTV */,
			);
		};
/* End PBXProject section */

/* Begin PBXResourcesBuildPhase section */
		9A82F7ED28B18A27005762C5 /* Resources */ = {
			isa = PBXResourcesBuildPhase;
			buildActionMask = 2147483647;
			files = (
				9A82F7FA28B18A28005762C5 /* Preview Assets.xcassets in Resources */,
				9A82F7F728B18A28005762C5 /* Assets.xcassets in Resources */,
			);
			runOnlyForDeploymentPostprocessing = 0;
		};
/* End PBXResourcesBuildPhase section */

/* Begin PBXSourcesBuildPhase section */
		9A82F7EB28B18A27005762C5 /* Sources */ = {
			isa = PBXSourcesBuildPhase;
			buildActionMask = 2147483647;
			files = (
				5676726F28B27FBC00A001D0 /* Photo.swift in Sources */,
				5676727328B30D8800A001D0 /* FeedService.swift in Sources */,
				5676727128B285D700A001D0 /* Feed.swift in Sources */,
				9AF14A7428B42FCB0042D4EF /* PhotoFeedView.swift in Sources */,
				9A82F80B28B1923F005762C5 /* PhotoService.swift in Sources */,
				9A82F80228B18D11005762C5 /* FeedView.swift in Sources */,
				9A82F81B28B1AC02005762C5 /* EmptyPlaceholderView.swift in Sources */,
				5676727528B335C600A001D0 /* PhotoSearchView.swift in Sources */,
				9A82F7F528B18A27005762C5 /* ContentView.swift in Sources */,
				9A82F81D28B1AC52005762C5 /* RetryView.swift in Sources */,
				9A82F81028B19D37005762C5 /* PhotoItemView.swift in Sources */,
				9A82F81428B19F2A005762C5 /* PhotoSearchViewModel.swift in Sources */,
				9A82F80528B190BD005762C5 /* FeedViewModel.swift in Sources */,
				9A82F7F328B18A27005762C5 /* PhotoSearchTVApp.swift in Sources */,
				9A82F81928B1A90B005762C5 /* DataFetchPhase.swift in Sources */,
				9A82F81228B19E78005762C5 /* SearchTabView.swift in Sources */,
				9A82F80E28B192D1005762C5 /* Constants.swift in Sources */,
				9A82F81628B1A30A005762C5 /* PhotoListView.swift in Sources */,
			);
			runOnlyForDeploymentPostprocessing = 0;
		};
/* End PBXSourcesBuildPhase section */

/* Begin XCBuildConfiguration section */
		9A82F7FB28B18A28005762C5 /* Debug */ = {
			isa = XCBuildConfiguration;
			buildSettings = {
				ALWAYS_SEARCH_USER_PATHS = NO;
				CLANG_ANALYZER_NONNULL = YES;
				CLANG_ANALYZER_NUMBER_OBJECT_CONVERSION = YES_AGGRESSIVE;
				CLANG_CXX_LANGUAGE_STANDARD = "gnu++17";
				CLANG_ENABLE_MODULES = YES;
				CLANG_ENABLE_OBJC_ARC = YES;
				CLANG_ENABLE_OBJC_WEAK = YES;
				CLANG_WARN_BLOCK_CAPTURE_AUTORELEASING = YES;
				CLANG_WARN_BOOL_CONVERSION = YES;
				CLANG_WARN_COMMA = YES;
				CLANG_WARN_CONSTANT_CONVERSION = YES;
				CLANG_WARN_DEPRECATED_OBJC_IMPLEMENTATIONS = YES;
				CLANG_WARN_DIRECT_OBJC_ISA_USAGE = YES_ERROR;
				CLANG_WARN_DOCUMENTATION_COMMENTS = YES;
				CLANG_WARN_EMPTY_BODY = YES;
				CLANG_WARN_ENUM_CONVERSION = YES;
				CLANG_WARN_INFINITE_RECURSION = YES;
				CLANG_WARN_INT_CONVERSION = YES;
				CLANG_WARN_NON_LITERAL_NULL_CONVERSION = YES;
				CLANG_WARN_OBJC_IMPLICIT_RETAIN_SELF = YES;
				CLANG_WARN_OBJC_LITERAL_CONVERSION = YES;
				CLANG_WARN_OBJC_ROOT_CLASS = YES_ERROR;
				CLANG_WARN_QUOTED_INCLUDE_IN_FRAMEWORK_HEADER = YES;
				CLANG_WARN_RANGE_LOOP_ANALYSIS = YES;
				CLANG_WARN_STRICT_PROTOTYPES = YES;
				CLANG_WARN_SUSPICIOUS_MOVE = YES;
				CLANG_WARN_UNGUARDED_AVAILABILITY = YES_AGGRESSIVE;
				CLANG_WARN_UNREACHABLE_CODE = YES;
				CLANG_WARN__DUPLICATE_METHOD_MATCH = YES;
				COPY_PHASE_STRIP = NO;
				DEBUG_INFORMATION_FORMAT = dwarf;
				ENABLE_STRICT_OBJC_MSGSEND = YES;
				ENABLE_TESTABILITY = YES;
				GCC_C_LANGUAGE_STANDARD = gnu11;
				GCC_DYNAMIC_NO_PIC = NO;
				GCC_NO_COMMON_BLOCKS = YES;
				GCC_OPTIMIZATION_LEVEL = 0;
				GCC_PREPROCESSOR_DEFINITIONS = (
					"DEBUG=1",
					"$(inherited)",
				);
				GCC_WARN_64_TO_32_BIT_CONVERSION = YES;
				GCC_WARN_ABOUT_RETURN_TYPE = YES_ERROR;
				GCC_WARN_UNDECLARED_SELECTOR = YES;
				GCC_WARN_UNINITIALIZED_AUTOS = YES_AGGRESSIVE;
				GCC_WARN_UNUSED_FUNCTION = YES;
				GCC_WARN_UNUSED_VARIABLE = YES;
				MTL_ENABLE_DEBUG_INFO = INCLUDE_SOURCE;
				MTL_FAST_MATH = YES;
				ONLY_ACTIVE_ARCH = YES;
				SDKROOT = appletvos;
				SWIFT_ACTIVE_COMPILATION_CONDITIONS = DEBUG;
				SWIFT_OPTIMIZATION_LEVEL = "-Onone";
				TVOS_DEPLOYMENT_TARGET = 15.4;
			};
			name = Debug;
		};
		9A82F7FC28B18A28005762C5 /* Release */ = {
			isa = XCBuildConfiguration;
			buildSettings = {
				ALWAYS_SEARCH_USER_PATHS = NO;
				CLANG_ANALYZER_NONNULL = YES;
				CLANG_ANALYZER_NUMBER_OBJECT_CONVERSION = YES_AGGRESSIVE;
				CLANG_CXX_LANGUAGE_STANDARD = "gnu++17";
				CLANG_ENABLE_MODULES = YES;
				CLANG_ENABLE_OBJC_ARC = YES;
				CLANG_ENABLE_OBJC_WEAK = YES;
				CLANG_WARN_BLOCK_CAPTURE_AUTORELEASING = YES;
				CLANG_WARN_BOOL_CONVERSION = YES;
				CLANG_WARN_COMMA = YES;
				CLANG_WARN_CONSTANT_CONVERSION = YES;
				CLANG_WARN_DEPRECATED_OBJC_IMPLEMENTATIONS = YES;
				CLANG_WARN_DIRECT_OBJC_ISA_USAGE = YES_ERROR;
				CLANG_WARN_DOCUMENTATION_COMMENTS = YES;
				CLANG_WARN_EMPTY_BODY = YES;
				CLANG_WARN_ENUM_CONVERSION = YES;
				CLANG_WARN_INFINITE_RECURSION = YES;
				CLANG_WARN_INT_CONVERSION = YES;
				CLANG_WARN_NON_LITERAL_NULL_CONVERSION = YES;
				CLANG_WARN_OBJC_IMPLICIT_RETAIN_SELF = YES;
				CLANG_WARN_OBJC_LITERAL_CONVERSION = YES;
				CLANG_WARN_OBJC_ROOT_CLASS = YES_ERROR;
				CLANG_WARN_QUOTED_INCLUDE_IN_FRAMEWORK_HEADER = YES;
				CLANG_WARN_RANGE_LOOP_ANALYSIS = YES;
				CLANG_WARN_STRICT_PROTOTYPES = YES;
				CLANG_WARN_SUSPICIOUS_MOVE = YES;
				CLANG_WARN_UNGUARDED_AVAILABILITY = YES_AGGRESSIVE;
				CLANG_WARN_UNREACHABLE_CODE = YES;
				CLANG_WARN__DUPLICATE_METHOD_MATCH = YES;
				COPY_PHASE_STRIP = NO;
				DEBUG_INFORMATION_FORMAT = "dwarf-with-dsym";
				ENABLE_NS_ASSERTIONS = NO;
				ENABLE_STRICT_OBJC_MSGSEND = YES;
				GCC_C_LANGUAGE_STANDARD = gnu11;
				GCC_NO_COMMON_BLOCKS = YES;
				GCC_WARN_64_TO_32_BIT_CONVERSION = YES;
				GCC_WARN_ABOUT_RETURN_TYPE = YES_ERROR;
				GCC_WARN_UNDECLARED_SELECTOR = YES;
				GCC_WARN_UNINITIALIZED_AUTOS = YES_AGGRESSIVE;
				GCC_WARN_UNUSED_FUNCTION = YES;
				GCC_WARN_UNUSED_VARIABLE = YES;
				MTL_ENABLE_DEBUG_INFO = NO;
				MTL_FAST_MATH = YES;
				SDKROOT = appletvos;
				SWIFT_COMPILATION_MODE = wholemodule;
				SWIFT_OPTIMIZATION_LEVEL = "-O";
				TVOS_DEPLOYMENT_TARGET = 15.4;
				VALIDATE_PRODUCT = YES;
			};
			name = Release;
		};
		9A82F7FE28B18A28005762C5 /* Debug */ = {
			isa = XCBuildConfiguration;
			buildSettings = {
				ASSETCATALOG_COMPILER_APPICON_NAME = "App Icon & Top Shelf Image";
				ASSETCATALOG_COMPILER_GLOBAL_ACCENT_COLOR_NAME = AccentColor;
				CODE_SIGN_IDENTITY = "Apple Development";
				CODE_SIGN_STYLE = Manual;
				CURRENT_PROJECT_VERSION = 1;
				DEVELOPMENT_ASSET_PATHS = "\"PhotoSearchTV/Preview Content\"";
				DEVELOPMENT_TEAM = "";
				ENABLE_PREVIEWS = YES;
				GENERATE_INFOPLIST_FILE = YES;
				INFOPLIST_KEY_UILaunchScreen_Generation = YES;
				INFOPLIST_KEY_UIUserInterfaceStyle = Automatic;
				LD_RUNPATH_SEARCH_PATHS = (
					"$(inherited)",
					"@executable_path/Frameworks",
				);
				MARKETING_VERSION = 1.0;
				PRODUCT_BUNDLE_IDENTIFIER = AppBoys.PhotoSearchTV;
				PRODUCT_NAME = "$(TARGET_NAME)";
				PROVISIONING_PROFILE_SPECIFIER = "";
				SWIFT_EMIT_LOC_STRINGS = YES;
				SWIFT_VERSION = 5.0;
				TARGETED_DEVICE_FAMILY = 3;
				TVOS_DEPLOYMENT_TARGET = 15.2;
			};
			name = Debug;
		};
		9A82F7FF28B18A28005762C5 /* Release */ = {
			isa = XCBuildConfiguration;
			buildSettings = {
				ASSETCATALOG_COMPILER_APPICON_NAME = "App Icon & Top Shelf Image";
				ASSETCATALOG_COMPILER_GLOBAL_ACCENT_COLOR_NAME = AccentColor;
				CODE_SIGN_STYLE = Manual;
				CURRENT_PROJECT_VERSION = 1;
				DEVELOPMENT_ASSET_PATHS = "\"PhotoSearchTV/Preview Content\"";
				DEVELOPMENT_TEAM = "";
				ENABLE_PREVIEWS = YES;
				GENERATE_INFOPLIST_FILE = YES;
				INFOPLIST_KEY_UILaunchScreen_Generation = YES;
				INFOPLIST_KEY_UIUserInterfaceStyle = Automatic;
				LD_RUNPATH_SEARCH_PATHS = (
					"$(inherited)",
					"@executable_path/Frameworks",
				);
				MARKETING_VERSION = 1.0;
				PRODUCT_BUNDLE_IDENTIFIER = AppBoys.PhotoSearchTV;
				PRODUCT_NAME = "$(TARGET_NAME)";
				PROVISIONING_PROFILE_SPECIFIER = "";
				SWIFT_EMIT_LOC_STRINGS = YES;
				SWIFT_VERSION = 5.0;
				TARGETED_DEVICE_FAMILY = 3;
				TVOS_DEPLOYMENT_TARGET = 15.2;
			};
			name = Release;
		};
/* End XCBuildConfiguration section */

/* Begin XCConfigurationList section */
		9A82F7EA28B18A27005762C5 /* Build configuration list for PBXProject "PhotoSearchTV" */ = {
			isa = XCConfigurationList;
			buildConfigurations = (
				9A82F7FB28B18A28005762C5 /* Debug */,
				9A82F7FC28B18A28005762C5 /* Release */,
			);
			defaultConfigurationIsVisible = 0;
			defaultConfigurationName = Release;
		};
		9A82F7FD28B18A28005762C5 /* Build configuration list for PBXNativeTarget "PhotoSearchTV" */ = {
			isa = XCConfigurationList;
			buildConfigurations = (
				9A82F7FE28B18A28005762C5 /* Debug */,
				9A82F7FF28B18A28005762C5 /* Release */,
			);
			defaultConfigurationIsVisible = 0;
			defaultConfigurationName = Release;
		};
/* End XCConfigurationList section */

/* Begin XCRemoteSwiftPackageReference section */
		5676727628B3437200A001D0 /* XCRemoteSwiftPackageReference "Alamofire" */ = {
			isa = XCRemoteSwiftPackageReference;
			repositoryURL = "https://github.com/Alamofire/Alamofire.git";
			requirement = {
				kind = upToNextMajorVersion;
				minimumVersion = 5.0.0;
			};
		};
		9A72D43528B43FEC009726E8 /* XCRemoteSwiftPackageReference "SwiftDate" */ = {
			isa = XCRemoteSwiftPackageReference;
			repositoryURL = "https://github.com/malcommac/SwiftDate.git";
			requirement = {
				kind = upToNextMajorVersion;
				minimumVersion = 6.0.0;
			};
		};
/* End XCRemoteSwiftPackageReference section */

/* Begin XCSwiftPackageProductDependency section */
		5676727728B3437200A001D0 /* Alamofire */ = {
			isa = XCSwiftPackageProductDependency;
			package = 5676727628B3437200A001D0 /* XCRemoteSwiftPackageReference "Alamofire" */;
			productName = Alamofire;
		};
		9A72D43628B43FEC009726E8 /* SwiftDate */ = {
			isa = XCSwiftPackageProductDependency;
			package = 9A72D43528B43FEC009726E8 /* XCRemoteSwiftPackageReference "SwiftDate" */;
			productName = SwiftDate;
		};
/* End XCSwiftPackageProductDependency section */
	};
	rootObject = 9A82F7E728B18A27005762C5 /* Project object */;
}
